
Microsoft Visual Studio Solution File, Format Version 12.00
# Visual Studio 14
VisualStudioVersion = 14.0.25420.1
MinimumVisualStudioVersion = 10.0.40219.1
Project("{FAE04EC0-301F-11D3-BF4B-00C04F79EFBC}") = "Transpiler", "Bootstrap\Transpiler.csproj", "{6F625C2E-6F56-47E9-BACA-E735742BE874}"
EndProject
Project("{FAE04EC0-301F-11D3-BF4B-00C04F79EFBC}") = "Transpiler.Test", "Bootstrap.Test\Transpiler.Test.csproj", "{F5DEC7CC-4FC4-480B-9E1B-DD362C7056A7}"
EndProject
Global
	GlobalSection(SolutionConfigurationPlatforms) = preSolution
		Debug|Any CPU = Debug|Any CPU
		Release|Any CPU = Release|Any CPU
	EndGlobalSection
	GlobalSection(ProjectConfigurationPlatforms) = postSolution
		{6F625C2E-6F56-47E9-BACA-E735742BE874}.Debug|Any CPU.ActiveCfg = Debug|Any CPU
		{6F625C2E-6F56-47E9-BACA-E735742BE874}.Debug|Any CPU.Build.0 = Debug|Any CPU
		{6F625C2E-6F56-47E9-BACA-E735742BE874}.Release|Any CPU.ActiveCfg = Release|Any CPU
		{6F625C2E-6F56-47E9-BACA-E735742BE874}.Release|Any CPU.Build.0 = Release|Any CPU
		{F5DEC7CC-4FC4-480B-9E1B-DD362C7056A7}.Debug|Any CPU.ActiveCfg = Debug|Any CPU
		{F5DEC7CC-4FC4-480B-9E1B-DD362C7056A7}.Debug|Any CPU.Build.0 = Debug|Any CPU
		{F5DEC7CC-4FC4-480B-9E1B-DD362C7056A7}.Release|Any CPU.ActiveCfg = Release|Any CPU
		{F5DEC7CC-4FC4-480B-9E1B-DD362C7056A7}.Release|Any CPU.Build.0 = Release|Any CPU
	EndGlobalSection
	GlobalSection(SolutionProperties) = preSolution
		HideSolutionNode = FALSE
	EndGlobalSection
EndGlobal
