
Microsoft Visual Studio Solution File, Format Version 12.00
# Visual Studio 14
VisualStudioVersion = 14.0.25420.1
MinimumVisualStudioVersion = 10.0.40219.1
Project("{FAE04EC0-301F-11D3-BF4B-00C04F79EFBC}") = "Transpiler", "Bootstrap\Transpiler.csproj", "{6F625C2E-6F56-47E9-BACA-E735742BE874}"
EndProject
Project("{FAE04EC0-301F-11D3-BF4B-00C04F79EFBC}") = "Transpiler.Test", "Bootstrap.Test\Transpiler.Test.csproj", "{F5DEC7CC-4FC4-480B-9E1B-DD362C7056A7}"
EndProject
Project("{2150E333-8FDC-42A3-9474-1A3956D46DE8}") = "test-cases", "test-cases", "{DB2A90E3-F1CA-4C7D-A2D1-350B0E516036}"
	ProjectSection(SolutionItems) = preProject
		test-cases\Assignment.ad = test-cases\Assignment.ad
		test-cases\Assignment.cpp = test-cases\Assignment.cpp
		test-cases\BoolFunction.ad = test-cases\BoolFunction.ad
		test-cases\BoolFunction.cpp = test-cases\BoolFunction.cpp
		test-cases\BreakContinue.ad = test-cases\BreakContinue.ad
		test-cases\BreakContinue.cpp = test-cases\BreakContinue.cpp
		test-cases\CodePointFunction.ad = test-cases\CodePointFunction.ad
		test-cases\CodePointFunction.cpp = test-cases\CodePointFunction.cpp
		test-cases\Comments.ad = test-cases\Comments.ad
		test-cases\Comments.cpp = test-cases\Comments.cpp
		test-cases\DoWhile.ad = test-cases\DoWhile.ad
		test-cases\DoWhile.cpp = test-cases\DoWhile.cpp
		test-cases\ElementAccess.ad = test-cases\ElementAccess.ad
		test-cases\ElementAccess.cpp = test-cases\ElementAccess.cpp
		test-cases\ElseIf.ad = test-cases\ElseIf.ad
		test-cases\ElseIf.cpp = test-cases\ElseIf.cpp
		test-cases\Empty.ad = test-cases\Empty.ad
		test-cases\Empty.cpp = test-cases\Empty.cpp
		test-cases\Equality.ad = test-cases\Equality.ad
		test-cases\Equality.cpp = test-cases\Equality.cpp
		test-cases\EscapeSequences.ad = test-cases\EscapeSequences.ad
		test-cases\EscapeSequences.cpp = test-cases\EscapeSequences.cpp
		test-cases\For.ad = test-cases\For.ad
		test-cases\For.cpp = test-cases\For.cpp
		test-cases\ForwardDeclaration.ad = test-cases\ForwardDeclaration.ad
		test-cases\ForwardDeclaration.cpp = test-cases\ForwardDeclaration.cpp
		test-cases\Function.ad = test-cases\Function.ad
		test-cases\Function.cpp = test-cases\Function.cpp
		test-cases\Function_OneArg.ad = test-cases\Function_OneArg.ad
		test-cases\Function_OneArg.cpp = test-cases\Function_OneArg.cpp
		test-cases\Function_TwoArgs.ad = test-cases\Function_TwoArgs.ad
		test-cases\Function_TwoArgs.cpp = test-cases\Function_TwoArgs.cpp
		test-cases\GlobalLet.ad = test-cases\GlobalLet.ad
		test-cases\GlobalLet.cpp = test-cases\GlobalLet.cpp
		test-cases\GlobalVar.ad = test-cases\GlobalVar.ad
		test-cases\GlobalVar.cpp = test-cases\GlobalVar.cpp
		test-cases\HelloWorld.ad = test-cases\HelloWorld.ad
		test-cases\HelloWorld.cpp = test-cases\HelloWorld.cpp
		test-cases\If.ad = test-cases\If.ad
		test-cases\If.cpp = test-cases\If.cpp
		test-cases\IfElse.ad = test-cases\IfElse.ad
		test-cases\IfElse.cpp = test-cases\IfElse.cpp
		test-cases\LocalLet.ad = test-cases\LocalLet.ad
		test-cases\LocalLet.cpp = test-cases\LocalLet.cpp
		test-cases\LocalVar.ad = test-cases\LocalVar.ad
		test-cases\LocalVar.cpp = test-cases\LocalVar.cpp
		test-cases\LogicalOperators.ad = test-cases\LogicalOperators.ad
		test-cases\LogicalOperators.cpp = test-cases\LogicalOperators.cpp
		test-cases\Loop.ad = test-cases\Loop.ad
		test-cases\Loop.cpp = test-cases\Loop.cpp
		test-cases\NewString.ad = test-cases\NewString.ad
		test-cases\NewString.cpp = test-cases\NewString.cpp
		test-cases\NewStringBuilder.ad = test-cases\NewStringBuilder.ad
		test-cases\NewStringBuilder.cpp = test-cases\NewStringBuilder.cpp
		test-cases\Plus.ad = test-cases\Plus.ad
		test-cases\Plus.cpp = test-cases\Plus.cpp
		test-cases\RelationalOperators.ad = test-cases\RelationalOperators.ad
		test-cases\RelationalOperators.cpp = test-cases\RelationalOperators.cpp
		test-cases\Return0.ad = test-cases\Return0.ad
		test-cases\Return0.cpp = test-cases\Return0.cpp
		test-cases\Return42.ad = test-cases\Return42.ad
		test-cases\Return42.cpp = test-cases\Return42.cpp
		test-cases\UnaryMinus.ad = test-cases\UnaryMinus.ad
		test-cases\UnaryMinus.cpp = test-cases\UnaryMinus.cpp
		test-cases\While.ad = test-cases\While.ad
		test-cases\While.cpp = test-cases\While.cpp
	EndProjectSection
EndProject
Project("{2150E333-8FDC-42A3-9474-1A3956D46DE8}") = "src", "src", "{47BD665B-83EC-49C5-8255-01B431741F3A}"
	ProjectSection(SolutionItems) = preProject
		src\Program.ad = src\Program.ad
		src\runtime.cpp = src\runtime.cpp
		src\runtime.h = src\runtime.h
	EndProjectSection
EndProject
Project("{2150E333-8FDC-42A3-9474-1A3956D46DE8}") = "translated", "translated", "{AAEE3638-1A6D-4C6D-B9C0-1DA23CD90906}"
EndProject
Project("{2150E333-8FDC-42A3-9474-1A3956D46DE8}") = "previous", "previous", "{E4C10FEF-17E4-4739-81EB-A7BEC2DC227F}"
	ProjectSection(SolutionItems) = preProject
		translated\previous\Program.cpp = translated\previous\Program.cpp
		translated\previous\runtime.cpp = translated\previous\runtime.cpp
		translated\previous\runtime.h = translated\previous\runtime.h
	EndProjectSection
EndProject
Project("{2150E333-8FDC-42A3-9474-1A3956D46DE8}") = "current", "current", "{471A6EB2-7698-42B0-9154-D0078E4A2C2A}"
	ProjectSection(SolutionItems) = preProject
		translated\current\Program.cpp = translated\current\Program.cpp
		translated\current\runtime.cpp = translated\current\runtime.cpp
		translated\current\runtime.h = translated\current\runtime.h
	EndProjectSection
EndProject
Project("{8BC9CEB8-8B4A-11D0-8D11-00A0C91BC942}") = "DebugCurrent", "DebugCurrent\DebugCurrent.vcxproj", "{5F97A90B-861C-420A-B450-CE56CC6ABB19}"
EndProject
Global
	GlobalSection(SolutionConfigurationPlatforms) = preSolution
		Debug|Any CPU = Debug|Any CPU
		Debug|x64 = Debug|x64
		Debug|x86 = Debug|x86
		Release|Any CPU = Release|Any CPU
		Release|x64 = Release|x64
		Release|x86 = Release|x86
	EndGlobalSection
	GlobalSection(ProjectConfigurationPlatforms) = postSolution
		{6F625C2E-6F56-47E9-BACA-E735742BE874}.Debug|Any CPU.ActiveCfg = Debug|Any CPU
		{6F625C2E-6F56-47E9-BACA-E735742BE874}.Debug|Any CPU.Build.0 = Debug|Any CPU
		{6F625C2E-6F56-47E9-BACA-E735742BE874}.Debug|x64.ActiveCfg = Debug|Any CPU
		{6F625C2E-6F56-47E9-BACA-E735742BE874}.Debug|x64.Build.0 = Debug|Any CPU
		{6F625C2E-6F56-47E9-BACA-E735742BE874}.Debug|x86.ActiveCfg = Debug|Any CPU
		{6F625C2E-6F56-47E9-BACA-E735742BE874}.Debug|x86.Build.0 = Debug|Any CPU
		{6F625C2E-6F56-47E9-BACA-E735742BE874}.Release|Any CPU.ActiveCfg = Release|Any CPU
		{6F625C2E-6F56-47E9-BACA-E735742BE874}.Release|Any CPU.Build.0 = Release|Any CPU
		{6F625C2E-6F56-47E9-BACA-E735742BE874}.Release|x64.ActiveCfg = Release|Any CPU
		{6F625C2E-6F56-47E9-BACA-E735742BE874}.Release|x64.Build.0 = Release|Any CPU
		{6F625C2E-6F56-47E9-BACA-E735742BE874}.Release|x86.ActiveCfg = Release|Any CPU
		{6F625C2E-6F56-47E9-BACA-E735742BE874}.Release|x86.Build.0 = Release|Any CPU
		{F5DEC7CC-4FC4-480B-9E1B-DD362C7056A7}.Debug|Any CPU.ActiveCfg = Debug|Any CPU
		{F5DEC7CC-4FC4-480B-9E1B-DD362C7056A7}.Debug|Any CPU.Build.0 = Debug|Any CPU
		{F5DEC7CC-4FC4-480B-9E1B-DD362C7056A7}.Debug|x64.ActiveCfg = Debug|Any CPU
		{F5DEC7CC-4FC4-480B-9E1B-DD362C7056A7}.Debug|x64.Build.0 = Debug|Any CPU
		{F5DEC7CC-4FC4-480B-9E1B-DD362C7056A7}.Debug|x86.ActiveCfg = Debug|Any CPU
		{F5DEC7CC-4FC4-480B-9E1B-DD362C7056A7}.Debug|x86.Build.0 = Debug|Any CPU
		{F5DEC7CC-4FC4-480B-9E1B-DD362C7056A7}.Release|Any CPU.ActiveCfg = Release|Any CPU
		{F5DEC7CC-4FC4-480B-9E1B-DD362C7056A7}.Release|Any CPU.Build.0 = Release|Any CPU
		{F5DEC7CC-4FC4-480B-9E1B-DD362C7056A7}.Release|x64.ActiveCfg = Release|Any CPU
		{F5DEC7CC-4FC4-480B-9E1B-DD362C7056A7}.Release|x64.Build.0 = Release|Any CPU
		{F5DEC7CC-4FC4-480B-9E1B-DD362C7056A7}.Release|x86.ActiveCfg = Release|Any CPU
		{F5DEC7CC-4FC4-480B-9E1B-DD362C7056A7}.Release|x86.Build.0 = Release|Any CPU
		{5F97A90B-861C-420A-B450-CE56CC6ABB19}.Debug|Any CPU.ActiveCfg = Debug|Win32
		{5F97A90B-861C-420A-B450-CE56CC6ABB19}.Debug|x64.ActiveCfg = Debug|x64
		{5F97A90B-861C-420A-B450-CE56CC6ABB19}.Debug|x64.Build.0 = Debug|x64
		{5F97A90B-861C-420A-B450-CE56CC6ABB19}.Debug|x86.ActiveCfg = Debug|Win32
		{5F97A90B-861C-420A-B450-CE56CC6ABB19}.Debug|x86.Build.0 = Debug|Win32
		{5F97A90B-861C-420A-B450-CE56CC6ABB19}.Release|Any CPU.ActiveCfg = Release|Win32
		{5F97A90B-861C-420A-B450-CE56CC6ABB19}.Release|x64.ActiveCfg = Release|x64
		{5F97A90B-861C-420A-B450-CE56CC6ABB19}.Release|x64.Build.0 = Release|x64
		{5F97A90B-861C-420A-B450-CE56CC6ABB19}.Release|x86.ActiveCfg = Release|Win32
		{5F97A90B-861C-420A-B450-CE56CC6ABB19}.Release|x86.Build.0 = Release|Win32
	EndGlobalSection
	GlobalSection(SolutionProperties) = preSolution
		HideSolutionNode = FALSE
	EndGlobalSection
	GlobalSection(NestedProjects) = preSolution
		{E4C10FEF-17E4-4739-81EB-A7BEC2DC227F} = {AAEE3638-1A6D-4C6D-B9C0-1DA23CD90906}
		{471A6EB2-7698-42B0-9154-D0078E4A2C2A} = {AAEE3638-1A6D-4C6D-B9C0-1DA23CD90906}
	EndGlobalSection
EndGlobal
